
Microsoft Visual Studio Solution File, Format Version 12.00
# Visual Studio Version 17
VisualStudioVersion = 17.7.34031.279
MinimumVisualStudioVersion = 10.0.40219.1
Project("{FAE04EC0-301F-11D3-BF4B-00C04F79EFBC}") = "Module16Practice", "Module16Practice\Module16Practice.csproj", "{AE6A6C50-FE04-494C-A2C5-02D871815B09}"
EndProject
Global
	GlobalSection(SolutionConfigurationPlatforms) = preSolution
		Debug|Any CPU = Debug|Any CPU
		Release|Any CPU = Release|Any CPU
	EndGlobalSection
	GlobalSection(ProjectConfigurationPlatforms) = postSolution
		{AE6A6C50-FE04-494C-A2C5-02D871815B09}.Debug|Any CPU.ActiveCfg = Debug|Any CPU
		{AE6A6C50-FE04-494C-A2C5-02D871815B09}.Debug|Any CPU.Build.0 = Debug|Any CPU
		{AE6A6C50-FE04-494C-A2C5-02D871815B09}.Release|Any CPU.ActiveCfg = Release|Any CPU
		{AE6A6C50-FE04-494C-A2C5-02D871815B09}.Release|Any CPU.Build.0 = Release|Any CPU
	EndGlobalSection
	GlobalSection(SolutionProperties) = preSolution
		HideSolutionNode = FALSE
	EndGlobalSection
	GlobalSection(ExtensibilityGlobals) = postSolution
		SolutionGuid = {D3EA55C7-EBBA-4D48-9DC0-E87900B7C7B3}
	EndGlobalSection
EndGlobal
